
Microsoft Visual Studio Solution File, Format Version 12.00
# Visual Studio Version 17
VisualStudioVersion = 17.5.002.0
MinimumVisualStudioVersion = 10.0.40219.1
Project("{2150E333-8FDC-42A3-9474-1A3956D46DE8}") = "src", "src", "{F7E198C3-3C66-4662-855C-B55F36140252}"
EndProject
Project("{9A19103F-16F7-4668-BE54-9A1E7A4F7556}") = "Full_GRASP_And_SOLID", "src\Library\Full_GRASP_And_SOLID.csproj", "{69BA430A-982A-435E-A182-F1699BCE00B8}"
EndProject
Project("{9A19103F-16F7-4668-BE54-9A1E7A4F7556}") = "Library", "src\Library\Library.csproj", "{01576A31-43F8-429F-86A6-1421F7F1D069}"
EndProject
Project("{9A19103F-16F7-4668-BE54-9A1E7A4F7556}") = "Program", "src\Program\Program.csproj", "{494C1263-004D-4971-81B6-1F3809ECC9BC}"
EndProject
Global
	GlobalSection(SolutionConfigurationPlatforms) = preSolution
		Debug|Any CPU = Debug|Any CPU
		Release|Any CPU = Release|Any CPU
	EndGlobalSection
	GlobalSection(ProjectConfigurationPlatforms) = postSolution
		{69BA430A-982A-435E-A182-F1699BCE00B8}.Debug|Any CPU.ActiveCfg = Debug|Any CPU
		{69BA430A-982A-435E-A182-F1699BCE00B8}.Debug|Any CPU.Build.0 = Debug|Any CPU
		{69BA430A-982A-435E-A182-F1699BCE00B8}.Release|Any CPU.ActiveCfg = Release|Any CPU
		{69BA430A-982A-435E-A182-F1699BCE00B8}.Release|Any CPU.Build.0 = Release|Any CPU
		{01576A31-43F8-429F-86A6-1421F7F1D069}.Debug|Any CPU.ActiveCfg = Debug|Any CPU
		{01576A31-43F8-429F-86A6-1421F7F1D069}.Debug|Any CPU.Build.0 = Debug|Any CPU
		{01576A31-43F8-429F-86A6-1421F7F1D069}.Release|Any CPU.ActiveCfg = Release|Any CPU
		{01576A31-43F8-429F-86A6-1421F7F1D069}.Release|Any CPU.Build.0 = Release|Any CPU
		{494C1263-004D-4971-81B6-1F3809ECC9BC}.Debug|Any CPU.ActiveCfg = Debug|Any CPU
		{494C1263-004D-4971-81B6-1F3809ECC9BC}.Debug|Any CPU.Build.0 = Debug|Any CPU
		{494C1263-004D-4971-81B6-1F3809ECC9BC}.Release|Any CPU.ActiveCfg = Release|Any CPU
		{494C1263-004D-4971-81B6-1F3809ECC9BC}.Release|Any CPU.Build.0 = Release|Any CPU
	EndGlobalSection
	GlobalSection(SolutionProperties) = preSolution
		HideSolutionNode = FALSE
	EndGlobalSection
	GlobalSection(NestedProjects) = preSolution
		{69BA430A-982A-435E-A182-F1699BCE00B8} = {F7E198C3-3C66-4662-855C-B55F36140252}
		{01576A31-43F8-429F-86A6-1421F7F1D069} = {F7E198C3-3C66-4662-855C-B55F36140252}
		{494C1263-004D-4971-81B6-1F3809ECC9BC} = {F7E198C3-3C66-4662-855C-B55F36140252}
	EndGlobalSection
	GlobalSection(ExtensibilityGlobals) = postSolution
		SolutionGuid = {39521082-DA0A-4E0F-B8B8-F3058450A1A0}
	EndGlobalSection
EndGlobal
